
Microsoft Visual Studio Solution File, Format Version 12.00
# Visual Studio Version 16
VisualStudioVersion = 25.0.1704.2
MinimumVisualStudioVersion = 10.0.40219.1
Project("{FAE04EC0-301F-11D3-BF4B-00C04F79EFBC}") = "EmployeeVotingSystem", "EmployeeVotingSystem.csproj", "{A68B7CEB-EE0B-42D0-A4CB-972BF9B47C49}"
EndProject
Global
	GlobalSection(SolutionConfigurationPlatforms) = preSolution
		Debug|Any CPU = Debug|Any CPU
		Release|Any CPU = Release|Any CPU
	EndGlobalSection
	GlobalSection(ProjectConfigurationPlatforms) = postSolution
		{A68B7CEB-EE0B-42D0-A4CB-972BF9B47C49}.Debug|Any CPU.ActiveCfg = Debug|Any CPU
		{A68B7CEB-EE0B-42D0-A4CB-972BF9B47C49}.Debug|Any CPU.Build.0 = Debug|Any CPU
		{A68B7CEB-EE0B-42D0-A4CB-972BF9B47C49}.Release|Any CPU.ActiveCfg = Release|Any CPU
		{A68B7CEB-EE0B-42D0-A4CB-972BF9B47C49}.Release|Any CPU.Build.0 = Release|Any CPU
	EndGlobalSection
	GlobalSection(SolutionProperties) = preSolution
		HideSolutionNode = FALSE
	EndGlobalSection
	GlobalSection(ExtensibilityGlobals) = postSolution
		SolutionGuid = {136F9056-EDE2-4103-B88F-857D93D1D876}
	EndGlobalSection
EndGlobal
